{
  "name": "@ayushsaini77/common-medium",
  "version": "1.0.2",
  "lockfileVersion": 3,
  "requires": true,
  "packages": {
    "": {
      "name": "@ayushsaini77/common-medium",
      "version": "1.0.2",
      "license": "ISC",
      "dependencies": {
        "@ayushsaini77/common-medium": "^1.0.2"
      }
    },
    "node_modules/@ayushsaini77/common-medium": {
      "version": "1.0.2",
      "resolved": "https://registry.npmjs.org/@ayushsaini77/common-medium/-/common-medium-1.0.2.tgz",
      "integrity": "sha512-hkrEhJNUhUaxScmthqqHHGwaihGR2SW414ox+lbCuzU4INdnU8lGuQ8MGdAgN12+tE/CBbeV0AK0B5HlYuRZ2w=="
    }
  }
}
